// !$*UTF8*$!
{
	archiveVersion = 1;
	classes = {
	};
	objectVersion = 46;
	objects = {

/* Begin PBXBuildFile section */
		22EAB3243C13D19293F3F9CA /* Pods_CarkoUITests.framework in Frameworks */ = {isa = PBXBuildFile; fileRef = E5A7409267BE5BDA01CD6044 /* Pods_CarkoUITests.framework */; };
		3081C8E38A69D2E93352EB95 /* Pods_Carko.framework in Frameworks */ = {isa = PBXBuildFile; fileRef = 538BFE4EA50CCE486CF330C6 /* Pods_Carko.framework */; };
		45099A871DAF261200392FF1 /* LoginViewController.swift in Sources */ = {isa = PBXBuildFile; fileRef = 45099A861DAF261200392FF1 /* LoginViewController.swift */; };
		450E12401DAF27330027EFBC /* RegisterViewController.swift in Sources */ = {isa = PBXBuildFile; fileRef = 450E123F1DAF27330027EFBC /* RegisterViewController.swift */; };
		450E12451DAF2A880027EFBC /* page1.png in Resources */ = {isa = PBXBuildFile; fileRef = 450E12411DAF2A880027EFBC /* page1.png */; };
		450E12461DAF2A880027EFBC /* page2.png in Resources */ = {isa = PBXBuildFile; fileRef = 450E12421DAF2A880027EFBC /* page2.png */; };
		450E12471DAF2A880027EFBC /* page3.png in Resources */ = {isa = PBXBuildFile; fileRef = 450E12431DAF2A880027EFBC /* page3.png */; };
		450E12481DAF2A880027EFBC /* page4.png in Resources */ = {isa = PBXBuildFile; fileRef = 450E12441DAF2A880027EFBC /* page4.png */; };
		450E124A1DAF2B000027EFBC /* EntryViewController.swift in Sources */ = {isa = PBXBuildFile; fileRef = 450E12491DAF2B000027EFBC /* EntryViewController.swift */; };
		450E124C1DAF2B3C0027EFBC /* PageContentViewController.swift in Sources */ = {isa = PBXBuildFile; fileRef = 450E124B1DAF2B3C0027EFBC /* PageContentViewController.swift */; };
		4518537A1DA476F1005CC5E6 /* MyParkingsViewController.swift in Sources */ = {isa = PBXBuildFile; fileRef = 451853791DA476F1005CC5E6 /* MyParkingsViewController.swift */; };
		4518537C1DA4787B005CC5E6 /* NewParkingViewController.swift in Sources */ = {isa = PBXBuildFile; fileRef = 4518537B1DA4787B005CC5E6 /* NewParkingViewController.swift */; };
		451E424B1DB071EC00747370 /* User.swift in Sources */ = {isa = PBXBuildFile; fileRef = 451E424A1DB071EC00747370 /* User.swift */; };
		451E424D1DB078E000747370 /* KeyboardDimissExtension.swift in Sources */ = {isa = PBXBuildFile; fileRef = 451E424C1DB078E000747370 /* KeyboardDimissExtension.swift */; };
		452259BF1DD6927F004B1BD3 /* Map-30.png in Resources */ = {isa = PBXBuildFile; fileRef = 452259BE1DD6927F004B1BD3 /* Map-30.png */; };
		452259C21DD692E5004B1BD3 /* Contact Card-30.png in Resources */ = {isa = PBXBuildFile; fileRef = 452259C01DD692E5004B1BD3 /* Contact Card-30.png */; };
		452259C31DD692E5004B1BD3 /* Parking-30.png in Resources */ = {isa = PBXBuildFile; fileRef = 452259C11DD692E5004B1BD3 /* Parking-30.png */; };
		45253B9F1DA3FF37006BEDAF /* Main.storyboard in Resources */ = {isa = PBXBuildFile; fileRef = 45253B9E1DA3FF36006BEDAF /* Main.storyboard */; };
		454E1C3F1DA34DDE0038E714 /* MapViewController.swift in Sources */ = {isa = PBXBuildFile; fileRef = 454E1C3D1DA34DDE0038E714 /* MapViewController.swift */; };
		4554EBCE1DB5A36F0066E452 /* CarkoAPIClient.swift in Sources */ = {isa = PBXBuildFile; fileRef = 4554EBCD1DB5A36F0066E452 /* CarkoAPIClient.swift */; };
		4554EBD01DB5AA520066E452 /* ProfileViewController.swift in Sources */ = {isa = PBXBuildFile; fileRef = 4554EBCF1DB5AA520066E452 /* ProfileViewController.swift */; };
		4564F6DF1DB983CA001B709C /* parking-icon-png-18.png in Resources */ = {isa = PBXBuildFile; fileRef = 4564F6DE1DB983CA001B709C /* parking-icon-png-18.png */; };
		4564F6E11DB98509001B709C /* BookParkingViewController.swift in Sources */ = {isa = PBXBuildFile; fileRef = 4564F6E01DB98509001B709C /* BookParkingViewController.swift */; };
		4564F6E31DB986C5001B709C /* ConfirmParkingViewController.swift in Sources */ = {isa = PBXBuildFile; fileRef = 4564F6E21DB986C5001B709C /* ConfirmParkingViewController.swift */; };
		458963ED1DB6EF6100A44AC0 /* ParkingAvailabilityInfo.swift in Sources */ = {isa = PBXBuildFile; fileRef = 458963EC1DB6EF6100A44AC0 /* ParkingAvailabilityInfo.swift */; };
		458A98301DBCFD44007F53EE /* UnderlineTextField.swift in Sources */ = {isa = PBXBuildFile; fileRef = 458A982F1DBCFD44007F53EE /* UnderlineTextField.swift */; };
		458A98321DBD07CA007F53EE /* arrow-right-01-128.png in Resources */ = {isa = PBXBuildFile; fileRef = 458A98311DBD07CA007F53EE /* arrow-right-01-128.png */; };
		458F62831DA184BE00205FBB /* MapViewControllerTest.swift in Sources */ = {isa = PBXBuildFile; fileRef = 458F62821DA184BE00205FBB /* MapViewControllerTest.swift */; };
		459AD2571DA49B6C0018B7B9 /* Parking.swift in Sources */ = {isa = PBXBuildFile; fileRef = 459AD2561DA49B6C0018B7B9 /* Parking.swift */; };
		459AD2591DA49C590018B7B9 /* GoogleService-Info.plist in Resources */ = {isa = PBXBuildFile; fileRef = 459AD2581DA49C590018B7B9 /* GoogleService-Info.plist */; };
		45BB39601DBBD5740019C2A3 /* NewParkingRatesViewController.swift in Sources */ = {isa = PBXBuildFile; fileRef = 45BB395F1DBBD5740019C2A3 /* NewParkingRatesViewController.swift */; };
		45BB39621DBBD59E0019C2A3 /* NewParkingScheduleViewController.swift in Sources */ = {isa = PBXBuildFile; fileRef = 45BB39611DBBD59E0019C2A3 /* NewParkingScheduleViewController.swift */; };
		45BB39651DBBF0010019C2A3 /* RoundedCornerButton.swift in Sources */ = {isa = PBXBuildFile; fileRef = 45BB39641DBBF0010019C2A3 /* RoundedCornerButton.swift */; };
		45BC29451DA18249000C54BC /* AppDelegate.swift in Sources */ = {isa = PBXBuildFile; fileRef = 45BC29441DA18249000C54BC /* AppDelegate.swift */; };
		45BC294C1DA18249000C54BC /* Assets.xcassets in Resources */ = {isa = PBXBuildFile; fileRef = 45BC294B1DA18249000C54BC /* Assets.xcassets */; };
		45BC294F1DA18249000C54BC /* LaunchScreen.storyboard in Resources */ = {isa = PBXBuildFile; fileRef = 45BC294D1DA18249000C54BC /* LaunchScreen.storyboard */; };
		45BC29651DA18249000C54BC /* CarkoUITests.swift in Sources */ = {isa = PBXBuildFile; fileRef = 45BC29641DA18249000C54BC /* CarkoUITests.swift */; };
		45C1DBED1DD7870A00B2C96F /* CarkoAPIClientTest.swift in Sources */ = {isa = PBXBuildFile; fileRef = 45C1DBEC1DD7870A00B2C96F /* CarkoAPIClientTest.swift */; };
		45D5A5091DB2BE8F0025C45A /* Profile.storyboard in Resources */ = {isa = PBXBuildFile; fileRef = 45D5A5081DB2BE8F0025C45A /* Profile.storyboard */; };
		45E9B91C1DB82F3500C9E9FA /* MarkerPopup.xib in Resources */ = {isa = PBXBuildFile; fileRef = 45E9B91B1DB82F3500C9E9FA /* MarkerPopup.xib */; };
		45E9B91E1DB82FDF00C9E9FA /* MarkerPopup.swift in Sources */ = {isa = PBXBuildFile; fileRef = 45E9B91D1DB82FDF00C9E9FA /* MarkerPopup.swift */; };
		C50529D35D0867A50C328C98 /* Pods_Carko_CarkoTests.framework in Frameworks */ = {isa = PBXBuildFile; fileRef = 5884C9AFE156A94C74D61D43 /* Pods_Carko_CarkoTests.framework */; };
		C51150531DAF38D5004E2A7D /* ParkingDescriptionViewController.swift in Sources */ = {isa = PBXBuildFile; fileRef = C51150521DAF38D5004E2A7D /* ParkingDescriptionViewController.swift */; };
		C51150551DAF38EC004E2A7D /* ParkingRatesViewController.swift in Sources */ = {isa = PBXBuildFile; fileRef = C51150541DAF38EC004E2A7D /* ParkingRatesViewController.swift */; };
		C51150571DAF393F004E2A7D /* ParkingAvailabilityViewController.swift in Sources */ = {isa = PBXBuildFile; fileRef = C51150561DAF393F004E2A7D /* ParkingAvailabilityViewController.swift */; };
		C51150591DAF397E004E2A7D /* ParkingInfoViewController.swift in Sources */ = {isa = PBXBuildFile; fileRef = C51150581DAF397E004E2A7D /* ParkingInfoViewController.swift */; };
		C56ADAB61DAAE6510033516C /* ParkingList.storyboard in Resources */ = {isa = PBXBuildFile; fileRef = C56ADAB51DAAE6510033516C /* ParkingList.storyboard */; };
		C56ADAB81DAAE6680033516C /* FindParking.storyboard in Resources */ = {isa = PBXBuildFile; fileRef = C56ADAB71DAAE6680033516C /* FindParking.storyboard */; };
		C56ADABB1DAC00870033516C /* ParkingTableViewCell.swift in Sources */ = {isa = PBXBuildFile; fileRef = C56ADABA1DAC00870033516C /* ParkingTableViewCell.swift */; };
		C5858E7E1DB188920066A9B3 /* StringExtension.swift in Sources */ = {isa = PBXBuildFile; fileRef = C5858E7D1DB188920066A9B3 /* StringExtension.swift */; };
		C5B310601DB023610051C90B /* FloatExtension.swift in Sources */ = {isa = PBXBuildFile; fileRef = C5B3105F1DB023610051C90B /* FloatExtension.swift */; };
/* End PBXBuildFile section */

/* Begin PBXContainerItemProxy section */
		45BC29561DA18249000C54BC /* PBXContainerItemProxy */ = {
			isa = PBXContainerItemProxy;
			containerPortal = 45BC29391DA18249000C54BC /* Project object */;
			proxyType = 1;
			remoteGlobalIDString = 45BC29401DA18249000C54BC;
			remoteInfo = Carko;
		};
		45BC29611DA18249000C54BC /* PBXContainerItemProxy */ = {
			isa = PBXContainerItemProxy;
			containerPortal = 45BC29391DA18249000C54BC /* Project object */;
			proxyType = 1;
			remoteGlobalIDString = 45BC29401DA18249000C54BC;
			remoteInfo = Carko;
		};
/* End PBXContainerItemProxy section */

/* Begin PBXFileReference section */
		182BF97C1B2157DE2E06FBDD /* Pods-Carko.release.xcconfig */ = {isa = PBXFileReference; includeInIndex = 1; lastKnownFileType = text.xcconfig; name = "Pods-Carko.release.xcconfig"; path = "Pods/Target Support Files/Pods-Carko/Pods-Carko.release.xcconfig"; sourceTree = "<group>"; };
		45099A861DAF261200392FF1 /* LoginViewController.swift */ = {isa = PBXFileReference; fileEncoding = 4; lastKnownFileType = sourcecode.swift; path = LoginViewController.swift; sourceTree = "<group>"; };
		450E123F1DAF27330027EFBC /* RegisterViewController.swift */ = {isa = PBXFileReference; fileEncoding = 4; lastKnownFileType = sourcecode.swift; path = RegisterViewController.swift; sourceTree = "<group>"; };
		450E12411DAF2A880027EFBC /* page1.png */ = {isa = PBXFileReference; lastKnownFileType = image.png; path = page1.png; sourceTree = "<group>"; };
		450E12421DAF2A880027EFBC /* page2.png */ = {isa = PBXFileReference; lastKnownFileType = image.png; path = page2.png; sourceTree = "<group>"; };
		450E12431DAF2A880027EFBC /* page3.png */ = {isa = PBXFileReference; lastKnownFileType = image.png; path = page3.png; sourceTree = "<group>"; };
		450E12441DAF2A880027EFBC /* page4.png */ = {isa = PBXFileReference; lastKnownFileType = image.png; path = page4.png; sourceTree = "<group>"; };
		450E12491DAF2B000027EFBC /* EntryViewController.swift */ = {isa = PBXFileReference; fileEncoding = 4; lastKnownFileType = sourcecode.swift; path = EntryViewController.swift; sourceTree = "<group>"; };
		450E124B1DAF2B3C0027EFBC /* PageContentViewController.swift */ = {isa = PBXFileReference; fileEncoding = 4; lastKnownFileType = sourcecode.swift; path = PageContentViewController.swift; sourceTree = "<group>"; };
		451853791DA476F1005CC5E6 /* MyParkingsViewController.swift */ = {isa = PBXFileReference; fileEncoding = 4; lastKnownFileType = sourcecode.swift; path = MyParkingsViewController.swift; sourceTree = "<group>"; };
		4518537B1DA4787B005CC5E6 /* NewParkingViewController.swift */ = {isa = PBXFileReference; fileEncoding = 4; lastKnownFileType = sourcecode.swift; path = NewParkingViewController.swift; sourceTree = "<group>"; };
		451E424A1DB071EC00747370 /* User.swift */ = {isa = PBXFileReference; fileEncoding = 4; lastKnownFileType = sourcecode.swift; path = User.swift; sourceTree = "<group>"; };
		451E424C1DB078E000747370 /* KeyboardDimissExtension.swift */ = {isa = PBXFileReference; fileEncoding = 4; lastKnownFileType = sourcecode.swift; path = KeyboardDimissExtension.swift; sourceTree = "<group>"; };
		452259BE1DD6927F004B1BD3 /* Map-30.png */ = {isa = PBXFileReference; lastKnownFileType = image.png; path = "Map-30.png"; sourceTree = "<group>"; };
		452259C01DD692E5004B1BD3 /* Contact Card-30.png */ = {isa = PBXFileReference; lastKnownFileType = image.png; path = "Contact Card-30.png"; sourceTree = "<group>"; };
		452259C11DD692E5004B1BD3 /* Parking-30.png */ = {isa = PBXFileReference; lastKnownFileType = image.png; path = "Parking-30.png"; sourceTree = "<group>"; };
		45253B9E1DA3FF36006BEDAF /* Main.storyboard */ = {isa = PBXFileReference; fileEncoding = 4; lastKnownFileType = file.storyboard; path = Main.storyboard; sourceTree = "<group>"; };
		454E1C3D1DA34DDE0038E714 /* MapViewController.swift */ = {isa = PBXFileReference; fileEncoding = 4; lastKnownFileType = sourcecode.swift; path = MapViewController.swift; sourceTree = "<group>"; };
		4554EBCD1DB5A36F0066E452 /* CarkoAPIClient.swift */ = {isa = PBXFileReference; fileEncoding = 4; lastKnownFileType = sourcecode.swift; path = CarkoAPIClient.swift; sourceTree = "<group>"; };
		4554EBCF1DB5AA520066E452 /* ProfileViewController.swift */ = {isa = PBXFileReference; fileEncoding = 4; lastKnownFileType = sourcecode.swift; path = ProfileViewController.swift; sourceTree = "<group>"; };
		4564F6DE1DB983CA001B709C /* parking-icon-png-18.png */ = {isa = PBXFileReference; lastKnownFileType = image.png; path = "parking-icon-png-18.png"; sourceTree = "<group>"; };
		4564F6E01DB98509001B709C /* BookParkingViewController.swift */ = {isa = PBXFileReference; fileEncoding = 4; lastKnownFileType = sourcecode.swift; path = BookParkingViewController.swift; sourceTree = "<group>"; };
		4564F6E21DB986C5001B709C /* ConfirmParkingViewController.swift */ = {isa = PBXFileReference; fileEncoding = 4; lastKnownFileType = sourcecode.swift; path = ConfirmParkingViewController.swift; sourceTree = "<group>"; };
		458963EC1DB6EF6100A44AC0 /* ParkingAvailabilityInfo.swift */ = {isa = PBXFileReference; fileEncoding = 4; lastKnownFileType = sourcecode.swift; path = ParkingAvailabilityInfo.swift; sourceTree = "<group>"; };
		458A982F1DBCFD44007F53EE /* UnderlineTextField.swift */ = {isa = PBXFileReference; fileEncoding = 4; lastKnownFileType = sourcecode.swift; path = UnderlineTextField.swift; sourceTree = "<group>"; };
		458A98311DBD07CA007F53EE /* arrow-right-01-128.png */ = {isa = PBXFileReference; lastKnownFileType = image.png; path = "arrow-right-01-128.png"; sourceTree = "<group>"; };
		458F62821DA184BE00205FBB /* MapViewControllerTest.swift */ = {isa = PBXFileReference; fileEncoding = 4; lastKnownFileType = sourcecode.swift; path = MapViewControllerTest.swift; sourceTree = "<group>"; };
		459AD2561DA49B6C0018B7B9 /* Parking.swift */ = {isa = PBXFileReference; fileEncoding = 4; lastKnownFileType = sourcecode.swift; path = Parking.swift; sourceTree = "<group>"; };
		459AD2581DA49C590018B7B9 /* GoogleService-Info.plist */ = {isa = PBXFileReference; fileEncoding = 4; lastKnownFileType = text.plist.xml; path = "GoogleService-Info.plist"; sourceTree = "<group>"; };
		45BB395F1DBBD5740019C2A3 /* NewParkingRatesViewController.swift */ = {isa = PBXFileReference; fileEncoding = 4; lastKnownFileType = sourcecode.swift; path = NewParkingRatesViewController.swift; sourceTree = "<group>"; };
		45BB39611DBBD59E0019C2A3 /* NewParkingScheduleViewController.swift */ = {isa = PBXFileReference; fileEncoding = 4; lastKnownFileType = sourcecode.swift; path = NewParkingScheduleViewController.swift; sourceTree = "<group>"; };
		45BB39641DBBF0010019C2A3 /* RoundedCornerButton.swift */ = {isa = PBXFileReference; fileEncoding = 4; lastKnownFileType = sourcecode.swift; path = RoundedCornerButton.swift; sourceTree = "<group>"; };
		45BC29411DA18249000C54BC /* Carko.app */ = {isa = PBXFileReference; explicitFileType = wrapper.application; includeInIndex = 0; path = Carko.app; sourceTree = BUILT_PRODUCTS_DIR; };
		45BC29441DA18249000C54BC /* AppDelegate.swift */ = {isa = PBXFileReference; lastKnownFileType = sourcecode.swift; path = AppDelegate.swift; sourceTree = "<group>"; };
		45BC294B1DA18249000C54BC /* Assets.xcassets */ = {isa = PBXFileReference; lastKnownFileType = folder.assetcatalog; path = Assets.xcassets; sourceTree = "<group>"; };
		45BC294E1DA18249000C54BC /* Base */ = {isa = PBXFileReference; lastKnownFileType = file.storyboard; name = Base; path = Base.lproj/LaunchScreen.storyboard; sourceTree = "<group>"; };
		45BC29501DA18249000C54BC /* Info.plist */ = {isa = PBXFileReference; lastKnownFileType = text.plist.xml; path = Info.plist; sourceTree = "<group>"; };
		45BC29551DA18249000C54BC /* CarkoTests.xctest */ = {isa = PBXFileReference; explicitFileType = wrapper.cfbundle; includeInIndex = 0; path = CarkoTests.xctest; sourceTree = BUILT_PRODUCTS_DIR; };
		45BC295B1DA18249000C54BC /* Info.plist */ = {isa = PBXFileReference; lastKnownFileType = text.plist.xml; path = Info.plist; sourceTree = "<group>"; };
		45BC29601DA18249000C54BC /* CarkoUITests.xctest */ = {isa = PBXFileReference; explicitFileType = wrapper.cfbundle; includeInIndex = 0; path = CarkoUITests.xctest; sourceTree = BUILT_PRODUCTS_DIR; };
		45BC29641DA18249000C54BC /* CarkoUITests.swift */ = {isa = PBXFileReference; lastKnownFileType = sourcecode.swift; path = CarkoUITests.swift; sourceTree = "<group>"; };
		45BC29661DA18249000C54BC /* Info.plist */ = {isa = PBXFileReference; lastKnownFileType = text.plist.xml; path = Info.plist; sourceTree = "<group>"; };
		45C1DBEC1DD7870A00B2C96F /* CarkoAPIClientTest.swift */ = {isa = PBXFileReference; fileEncoding = 4; lastKnownFileType = sourcecode.swift; path = CarkoAPIClientTest.swift; sourceTree = "<group>"; };
		45D5A5081DB2BE8F0025C45A /* Profile.storyboard */ = {isa = PBXFileReference; fileEncoding = 4; lastKnownFileType = file.storyboard; path = Profile.storyboard; sourceTree = "<group>"; };
		45E9B91B1DB82F3500C9E9FA /* MarkerPopup.xib */ = {isa = PBXFileReference; fileEncoding = 4; lastKnownFileType = file.xib; path = MarkerPopup.xib; sourceTree = "<group>"; };
		45E9B91D1DB82FDF00C9E9FA /* MarkerPopup.swift */ = {isa = PBXFileReference; fileEncoding = 4; lastKnownFileType = sourcecode.swift; path = MarkerPopup.swift; sourceTree = "<group>"; };
		51BE0236C2E899D05DB12FEF /* Pods-CarkoUITests.debug.xcconfig */ = {isa = PBXFileReference; includeInIndex = 1; lastKnownFileType = text.xcconfig; name = "Pods-CarkoUITests.debug.xcconfig"; path = "Pods/Target Support Files/Pods-CarkoUITests/Pods-CarkoUITests.debug.xcconfig"; sourceTree = "<group>"; };
		538BFE4EA50CCE486CF330C6 /* Pods_Carko.framework */ = {isa = PBXFileReference; explicitFileType = wrapper.framework; includeInIndex = 0; path = Pods_Carko.framework; sourceTree = BUILT_PRODUCTS_DIR; };
		5884C9AFE156A94C74D61D43 /* Pods_Carko_CarkoTests.framework */ = {isa = PBXFileReference; explicitFileType = wrapper.framework; includeInIndex = 0; path = Pods_Carko_CarkoTests.framework; sourceTree = BUILT_PRODUCTS_DIR; };
		5B75E7E9A81373F8C2777563 /* Pods-CarkoUITests.release.xcconfig */ = {isa = PBXFileReference; includeInIndex = 1; lastKnownFileType = text.xcconfig; name = "Pods-CarkoUITests.release.xcconfig"; path = "Pods/Target Support Files/Pods-CarkoUITests/Pods-CarkoUITests.release.xcconfig"; sourceTree = "<group>"; };
		8434CF39E1312BC65B8DF4B2 /* Pods-Carko-CarkoTests.release.xcconfig */ = {isa = PBXFileReference; includeInIndex = 1; lastKnownFileType = text.xcconfig; name = "Pods-Carko-CarkoTests.release.xcconfig"; path = "Pods/Target Support Files/Pods-Carko-CarkoTests/Pods-Carko-CarkoTests.release.xcconfig"; sourceTree = "<group>"; };
		C51150521DAF38D5004E2A7D /* ParkingDescriptionViewController.swift */ = {isa = PBXFileReference; fileEncoding = 4; lastKnownFileType = sourcecode.swift; path = ParkingDescriptionViewController.swift; sourceTree = "<group>"; };
		C51150541DAF38EC004E2A7D /* ParkingRatesViewController.swift */ = {isa = PBXFileReference; fileEncoding = 4; lastKnownFileType = sourcecode.swift; path = ParkingRatesViewController.swift; sourceTree = "<group>"; };
		C51150561DAF393F004E2A7D /* ParkingAvailabilityViewController.swift */ = {isa = PBXFileReference; fileEncoding = 4; lastKnownFileType = sourcecode.swift; path = ParkingAvailabilityViewController.swift; sourceTree = "<group>"; };
		C51150581DAF397E004E2A7D /* ParkingInfoViewController.swift */ = {isa = PBXFileReference; fileEncoding = 4; lastKnownFileType = sourcecode.swift; path = ParkingInfoViewController.swift; sourceTree = "<group>"; };
		C56ADAB51DAAE6510033516C /* ParkingList.storyboard */ = {isa = PBXFileReference; fileEncoding = 4; lastKnownFileType = file.storyboard; path = ParkingList.storyboard; sourceTree = "<group>"; };
		C56ADAB71DAAE6680033516C /* FindParking.storyboard */ = {isa = PBXFileReference; fileEncoding = 4; lastKnownFileType = file.storyboard; path = FindParking.storyboard; sourceTree = "<group>"; };
		C56ADABA1DAC00870033516C /* ParkingTableViewCell.swift */ = {isa = PBXFileReference; fileEncoding = 4; lastKnownFileType = sourcecode.swift; path = ParkingTableViewCell.swift; sourceTree = "<group>"; };
		C5858E7D1DB188920066A9B3 /* StringExtension.swift */ = {isa = PBXFileReference; fileEncoding = 4; lastKnownFileType = sourcecode.swift; path = StringExtension.swift; sourceTree = "<group>"; };
		C5B3105F1DB023610051C90B /* FloatExtension.swift */ = {isa = PBXFileReference; fileEncoding = 4; lastKnownFileType = sourcecode.swift; path = FloatExtension.swift; sourceTree = "<group>"; };
		DF3DC78B5F06CA9F23866878 /* Pods-Carko-CarkoTests.debug.xcconfig */ = {isa = PBXFileReference; includeInIndex = 1; lastKnownFileType = text.xcconfig; name = "Pods-Carko-CarkoTests.debug.xcconfig"; path = "Pods/Target Support Files/Pods-Carko-CarkoTests/Pods-Carko-CarkoTests.debug.xcconfig"; sourceTree = "<group>"; };
		E5A7409267BE5BDA01CD6044 /* Pods_CarkoUITests.framework */ = {isa = PBXFileReference; explicitFileType = wrapper.framework; includeInIndex = 0; path = Pods_CarkoUITests.framework; sourceTree = BUILT_PRODUCTS_DIR; };
		E698A5AD42366D0AB15C9348 /* Pods-Carko.debug.xcconfig */ = {isa = PBXFileReference; includeInIndex = 1; lastKnownFileType = text.xcconfig; name = "Pods-Carko.debug.xcconfig"; path = "Pods/Target Support Files/Pods-Carko/Pods-Carko.debug.xcconfig"; sourceTree = "<group>"; };
/* End PBXFileReference section */

/* Begin PBXFrameworksBuildPhase section */
		45BC293E1DA18249000C54BC /* Frameworks */ = {
			isa = PBXFrameworksBuildPhase;
			buildActionMask = 2147483647;
			files = (
				3081C8E38A69D2E93352EB95 /* Pods_Carko.framework in Frameworks */,
			);
			runOnlyForDeploymentPostprocessing = 0;
		};
		45BC29521DA18249000C54BC /* Frameworks */ = {
			isa = PBXFrameworksBuildPhase;
			buildActionMask = 2147483647;
			files = (
				C50529D35D0867A50C328C98 /* Pods_Carko_CarkoTests.framework in Frameworks */,
			);
			runOnlyForDeploymentPostprocessing = 0;
		};
		45BC295D1DA18249000C54BC /* Frameworks */ = {
			isa = PBXFrameworksBuildPhase;
			buildActionMask = 2147483647;
			files = (
				22EAB3243C13D19293F3F9CA /* Pods_CarkoUITests.framework in Frameworks */,
			);
			runOnlyForDeploymentPostprocessing = 0;
		};
/* End PBXFrameworksBuildPhase section */

/* Begin PBXGroup section */
		45099A851DAF25EA00392FF1 /* Tab - Login */ = {
			isa = PBXGroup;
			children = (
				45099A861DAF261200392FF1 /* LoginViewController.swift */,
				450E123F1DAF27330027EFBC /* RegisterViewController.swift */,
				450E12491DAF2B000027EFBC /* EntryViewController.swift */,
				450E124B1DAF2B3C0027EFBC /* PageContentViewController.swift */,
			);
			name = "Tab - Login";
			sourceTree = "<group>";
		};
		451853771DA476B5005CC5E6 /* Tab - Find */ = {
			isa = PBXGroup;
			children = (
				4564F6DD1DB981BA001B709C /* MapPopup */,
				C56ADAB71DAAE6680033516C /* FindParking.storyboard */,
				454E1C3D1DA34DDE0038E714 /* MapViewController.swift */,
				4564F6E01DB98509001B709C /* BookParkingViewController.swift */,
				4564F6E21DB986C5001B709C /* ConfirmParkingViewController.swift */,
			);
			name = "Tab - Find";
			sourceTree = "<group>";
		};
		451853781DA476CB005CC5E6 /* Tab - Add */ = {
			isa = PBXGroup;
			children = (
				45BB395E1DBBD55B0019C2A3 /* NewParkingFlow */,
				C511504F1DAF386B004E2A7D /* ParkingInfo */,
				C56ADAB91DAC00320033516C /* CustomCell */,
				C56ADAB51DAAE6510033516C /* ParkingList.storyboard */,
				451853791DA476F1005CC5E6 /* MyParkingsViewController.swift */,
			);
			name = "Tab - Add";
			sourceTree = "<group>";
		};
		4564F6DD1DB981BA001B709C /* MapPopup */ = {
			isa = PBXGroup;
			children = (
				45E9B91B1DB82F3500C9E9FA /* MarkerPopup.xib */,
				45E9B91D1DB82FDF00C9E9FA /* MarkerPopup.swift */,
			);
			name = MapPopup;
			sourceTree = "<group>";
		};
		459AD2551DA49AE20018B7B9 /* Models */ = {
			isa = PBXGroup;
			children = (
				459AD2561DA49B6C0018B7B9 /* Parking.swift */,
				458963EC1DB6EF6100A44AC0 /* ParkingAvailabilityInfo.swift */,
				451E424A1DB071EC00747370 /* User.swift */,
			);
			name = Models;
			sourceTree = "<group>";
		};
		45A4CA2E1DB2B8B700741099 /* Assets */ = {
			isa = PBXGroup;
			children = (
				452259C01DD692E5004B1BD3 /* Contact Card-30.png */,
				452259C11DD692E5004B1BD3 /* Parking-30.png */,
				452259BE1DD6927F004B1BD3 /* Map-30.png */,
				458A98311DBD07CA007F53EE /* arrow-right-01-128.png */,
				4564F6DE1DB983CA001B709C /* parking-icon-png-18.png */,
				450E12411DAF2A880027EFBC /* page1.png */,
				450E12421DAF2A880027EFBC /* page2.png */,
				450E12431DAF2A880027EFBC /* page3.png */,
				450E12441DAF2A880027EFBC /* page4.png */,
				45BC294B1DA18249000C54BC /* Assets.xcassets */,
			);
			name = Assets;
			sourceTree = "<group>";
		};
		45B4C0E11DA4AAE6002979DC /* Global */ = {
			isa = PBXGroup;
			children = (
				45BB39631DBBEFEC0019C2A3 /* Views */,
				45A4CA2E1DB2B8B700741099 /* Assets */,
				45BC29501DA18249000C54BC /* Info.plist */,
				459AD2581DA49C590018B7B9 /* GoogleService-Info.plist */,
				45BC29441DA18249000C54BC /* AppDelegate.swift */,
				4554EBCD1DB5A36F0066E452 /* CarkoAPIClient.swift */,
			);
			name = Global;
			sourceTree = "<group>";
		};
		45BB395E1DBBD55B0019C2A3 /* NewParkingFlow */ = {
			isa = PBXGroup;
			children = (
				4518537B1DA4787B005CC5E6 /* NewParkingViewController.swift */,
				45BB395F1DBBD5740019C2A3 /* NewParkingRatesViewController.swift */,
				45BB39611DBBD59E0019C2A3 /* NewParkingScheduleViewController.swift */,
			);
			name = NewParkingFlow;
			sourceTree = "<group>";
		};
		45BB39631DBBEFEC0019C2A3 /* Views */ = {
			isa = PBXGroup;
			children = (
				45BB39641DBBF0010019C2A3 /* RoundedCornerButton.swift */,
				458A982F1DBCFD44007F53EE /* UnderlineTextField.swift */,
			);
			name = Views;
			sourceTree = "<group>";
		};
		45BC29381DA18249000C54BC = {
			isa = PBXGroup;
			children = (
				45BC29431DA18249000C54BC /* Carko */,
				45BC29581DA18249000C54BC /* CarkoTests */,
				45BC29631DA18249000C54BC /* CarkoUITests */,
				45BC29421DA18249000C54BC /* Products */,
				BE9AA67A9636250C12944D99 /* Pods */,
				F71F1D1EB70D52FDEF31D66A /* Frameworks */,
			);
			sourceTree = "<group>";
		};
		45BC29421DA18249000C54BC /* Products */ = {
			isa = PBXGroup;
			children = (
				45BC29411DA18249000C54BC /* Carko.app */,
				45BC29551DA18249000C54BC /* CarkoTests.xctest */,
				45BC29601DA18249000C54BC /* CarkoUITests.xctest */,
			);
			name = Products;
			sourceTree = "<group>";
		};
		45BC29431DA18249000C54BC /* Carko */ = {
			isa = PBXGroup;
			children = (
				C5B3105E1DB023450051C90B /* Extensions */,
				451853781DA476CB005CC5E6 /* Tab - Add */,
				451853771DA476B5005CC5E6 /* Tab - Find */,
				45099A851DAF25EA00392FF1 /* Tab - Login */,
				45D5A5071DB2BE640025C45A /* Tab - Profile */,
				45B4C0E11DA4AAE6002979DC /* Global */,
				459AD2551DA49AE20018B7B9 /* Models */,
				45253B9E1DA3FF36006BEDAF /* Main.storyboard */,
				45BC294D1DA18249000C54BC /* LaunchScreen.storyboard */,
			);
			path = Carko;
			sourceTree = "<group>";
		};
		45BC29581DA18249000C54BC /* CarkoTests */ = {
			isa = PBXGroup;
			children = (
				45BC295B1DA18249000C54BC /* Info.plist */,
				458F62821DA184BE00205FBB /* MapViewControllerTest.swift */,
				45C1DBEC1DD7870A00B2C96F /* CarkoAPIClientTest.swift */,
			);
			path = CarkoTests;
			sourceTree = "<group>";
		};
		45BC29631DA18249000C54BC /* CarkoUITests */ = {
			isa = PBXGroup;
			children = (
				45BC29641DA18249000C54BC /* CarkoUITests.swift */,
				45BC29661DA18249000C54BC /* Info.plist */,
			);
			path = CarkoUITests;
			sourceTree = "<group>";
		};
		45D5A5071DB2BE640025C45A /* Tab - Profile */ = {
			isa = PBXGroup;
			children = (
				45D5A5081DB2BE8F0025C45A /* Profile.storyboard */,
				4554EBCF1DB5AA520066E452 /* ProfileViewController.swift */,
			);
			name = "Tab - Profile";
			sourceTree = "<group>";
		};
		BE9AA67A9636250C12944D99 /* Pods */ = {
			isa = PBXGroup;
			children = (
				E698A5AD42366D0AB15C9348 /* Pods-Carko.debug.xcconfig */,
				182BF97C1B2157DE2E06FBDD /* Pods-Carko.release.xcconfig */,
				51BE0236C2E899D05DB12FEF /* Pods-CarkoUITests.debug.xcconfig */,
				5B75E7E9A81373F8C2777563 /* Pods-CarkoUITests.release.xcconfig */,
				DF3DC78B5F06CA9F23866878 /* Pods-Carko-CarkoTests.debug.xcconfig */,
				8434CF39E1312BC65B8DF4B2 /* Pods-Carko-CarkoTests.release.xcconfig */,
			);
			name = Pods;
			sourceTree = "<group>";
		};
		C511504F1DAF386B004E2A7D /* ParkingInfo */ = {
			isa = PBXGroup;
			children = (
				C51150581DAF397E004E2A7D /* ParkingInfoViewController.swift */,
				C51150521DAF38D5004E2A7D /* ParkingDescriptionViewController.swift */,
				C51150541DAF38EC004E2A7D /* ParkingRatesViewController.swift */,
				C51150561DAF393F004E2A7D /* ParkingAvailabilityViewController.swift */,
			);
			name = ParkingInfo;
			sourceTree = "<group>";
		};
		C56ADAB91DAC00320033516C /* CustomCell */ = {
			isa = PBXGroup;
			children = (
				C56ADABA1DAC00870033516C /* ParkingTableViewCell.swift */,
			);
			name = CustomCell;
			sourceTree = "<group>";
		};
		C5B3105E1DB023450051C90B /* Extensions */ = {
			isa = PBXGroup;
			children = (
				C5B3105F1DB023610051C90B /* FloatExtension.swift */,
				C5858E7D1DB188920066A9B3 /* StringExtension.swift */,
				451E424C1DB078E000747370 /* KeyboardDimissExtension.swift */,
			);
			name = Extensions;
			sourceTree = "<group>";
		};
		F71F1D1EB70D52FDEF31D66A /* Frameworks */ = {
			isa = PBXGroup;
			children = (
				538BFE4EA50CCE486CF330C6 /* Pods_Carko.framework */,
				5884C9AFE156A94C74D61D43 /* Pods_Carko_CarkoTests.framework */,
				E5A7409267BE5BDA01CD6044 /* Pods_CarkoUITests.framework */,
			);
			name = Frameworks;
			sourceTree = "<group>";
		};
/* End PBXGroup section */

/* Begin PBXNativeTarget section */
		45BC29401DA18249000C54BC /* Carko */ = {
			isa = PBXNativeTarget;
			buildConfigurationList = 45BC29691DA18249000C54BC /* Build configuration list for PBXNativeTarget "Carko" */;
			buildPhases = (
				CC5D72EBC60F8ECE86FF64DC /* [CP] Check Pods Manifest.lock */,
				45BC293D1DA18249000C54BC /* Sources */,
				45BC293E1DA18249000C54BC /* Frameworks */,
				45BC293F1DA18249000C54BC /* Resources */,
				8F959FA90852367573015C53 /* [CP] Embed Pods Frameworks */,
				1E08011DB07DF018F7BBC3AF /* [CP] Copy Pods Resources */,
			);
			buildRules = (
			);
			dependencies = (
			);
			name = Carko;
			productName = Carko;
			productReference = 45BC29411DA18249000C54BC /* Carko.app */;
			productType = "com.apple.product-type.application";
		};
		45BC29541DA18249000C54BC /* CarkoTests */ = {
			isa = PBXNativeTarget;
			buildConfigurationList = 45BC296C1DA18249000C54BC /* Build configuration list for PBXNativeTarget "CarkoTests" */;
			buildPhases = (
				1FA1CC3B5D08DEE2B8D9C01A /* [CP] Check Pods Manifest.lock */,
				45BC29511DA18249000C54BC /* Sources */,
				45BC29521DA18249000C54BC /* Frameworks */,
				45BC29531DA18249000C54BC /* Resources */,
				856AA78C78A9FD6741B8F243 /* [CP] Embed Pods Frameworks */,
				201BB63EDC80E7737BCCD6EC /* [CP] Copy Pods Resources */,
			);
			buildRules = (
			);
			dependencies = (
				45BC29571DA18249000C54BC /* PBXTargetDependency */,
			);
			name = CarkoTests;
			productName = CarkoTests;
			productReference = 45BC29551DA18249000C54BC /* CarkoTests.xctest */;
			productType = "com.apple.product-type.bundle.unit-test";
		};
		45BC295F1DA18249000C54BC /* CarkoUITests */ = {
			isa = PBXNativeTarget;
			buildConfigurationList = 45BC296F1DA18249000C54BC /* Build configuration list for PBXNativeTarget "CarkoUITests" */;
			buildPhases = (
				4E45B39BCC7AB35DEE5AE064 /* [CP] Check Pods Manifest.lock */,
				45BC295C1DA18249000C54BC /* Sources */,
				45BC295D1DA18249000C54BC /* Frameworks */,
				45BC295E1DA18249000C54BC /* Resources */,
				2132B991BB94F905E78F100C /* [CP] Copy Pods Resources */,
				76A5BEB778AC4750535E40EE /* [CP] Embed Pods Frameworks */,
			);
			buildRules = (
			);
			dependencies = (
				45BC29621DA18249000C54BC /* PBXTargetDependency */,
			);
			name = CarkoUITests;
			productName = CarkoUITests;
			productReference = 45BC29601DA18249000C54BC /* CarkoUITests.xctest */;
			productType = "com.apple.product-type.bundle.ui-testing";
		};
/* End PBXNativeTarget section */

/* Begin PBXProject section */
		45BC29391DA18249000C54BC /* Project object */ = {
			isa = PBXProject;
			attributes = {
				LastSwiftUpdateCheck = 0800;
				LastUpgradeCheck = 0810;
				ORGANIZATIONNAME = QH4L;
				TargetAttributes = {
					45BC29401DA18249000C54BC = {
						CreatedOnToolsVersion = 8.0;
						DevelopmentTeam = GYH3TK45ZC;
						ProvisioningStyle = Automatic;
					};
					45BC29541DA18249000C54BC = {
						CreatedOnToolsVersion = 8.0;
						DevelopmentTeam = GYH3TK45ZC;
						ProvisioningStyle = Automatic;
						TestTargetID = 45BC29401DA18249000C54BC;
					};
					45BC295F1DA18249000C54BC = {
						CreatedOnToolsVersion = 8.0;
						DevelopmentTeam = GYH3TK45ZC;
						ProvisioningStyle = Automatic;
						TestTargetID = 45BC29401DA18249000C54BC;
					};
				};
			};
			buildConfigurationList = 45BC293C1DA18249000C54BC /* Build configuration list for PBXProject "Carko" */;
			compatibilityVersion = "Xcode 3.2";
			developmentRegion = English;
			hasScannedForEncodings = 0;
			knownRegions = (
				en,
				Base,
			);
			mainGroup = 45BC29381DA18249000C54BC;
			productRefGroup = 45BC29421DA18249000C54BC /* Products */;
			projectDirPath = "";
			projectRoot = "";
			targets = (
				45BC29401DA18249000C54BC /* Carko */,
				45BC29541DA18249000C54BC /* CarkoTests */,
				45BC295F1DA18249000C54BC /* CarkoUITests */,
			);
		};
/* End PBXProject section */

/* Begin PBXResourcesBuildPhase section */
		45BC293F1DA18249000C54BC /* Resources */ = {
			isa = PBXResourcesBuildPhase;
			buildActionMask = 2147483647;
			files = (
				C56ADAB61DAAE6510033516C /* ParkingList.storyboard in Resources */,
				45D5A5091DB2BE8F0025C45A /* Profile.storyboard in Resources */,
				45E9B91C1DB82F3500C9E9FA /* MarkerPopup.xib in Resources */,
				4564F6DF1DB983CA001B709C /* parking-icon-png-18.png in Resources */,
				45253B9F1DA3FF37006BEDAF /* Main.storyboard in Resources */,
				C56ADAB81DAAE6680033516C /* FindParking.storyboard in Resources */,
				452259C31DD692E5004B1BD3 /* Parking-30.png in Resources */,
				450E12461DAF2A880027EFBC /* page2.png in Resources */,
				459AD2591DA49C590018B7B9 /* GoogleService-Info.plist in Resources */,
				450E12481DAF2A880027EFBC /* page4.png in Resources */,
				452259BF1DD6927F004B1BD3 /* Map-30.png in Resources */,
				458A98321DBD07CA007F53EE /* arrow-right-01-128.png in Resources */,
				450E12471DAF2A880027EFBC /* page3.png in Resources */,
				452259C21DD692E5004B1BD3 /* Contact Card-30.png in Resources */,
				45BC294F1DA18249000C54BC /* LaunchScreen.storyboard in Resources */,
				450E12451DAF2A880027EFBC /* page1.png in Resources */,
				45BC294C1DA18249000C54BC /* Assets.xcassets in Resources */,
			);
			runOnlyForDeploymentPostprocessing = 0;
		};
		45BC29531DA18249000C54BC /* Resources */ = {
			isa = PBXResourcesBuildPhase;
			buildActionMask = 2147483647;
			files = (
			);
			runOnlyForDeploymentPostprocessing = 0;
		};
		45BC295E1DA18249000C54BC /* Resources */ = {
			isa = PBXResourcesBuildPhase;
			buildActionMask = 2147483647;
			files = (
			);
			runOnlyForDeploymentPostprocessing = 0;
		};
/* End PBXResourcesBuildPhase section */

/* Begin PBXShellScriptBuildPhase section */
		1E08011DB07DF018F7BBC3AF /* [CP] Copy Pods Resources */ = {
			isa = PBXShellScriptBuildPhase;
			buildActionMask = 2147483647;
			files = (
			);
			inputPaths = (
			);
			name = "[CP] Copy Pods Resources";
			outputPaths = (
			);
			runOnlyForDeploymentPostprocessing = 0;
			shellPath = /bin/sh;
			shellScript = "\"${SRCROOT}/Pods/Target Support Files/Pods-Carko/Pods-Carko-resources.sh\"\n";
			showEnvVarsInLog = 0;
		};
		1FA1CC3B5D08DEE2B8D9C01A /* [CP] Check Pods Manifest.lock */ = {
			isa = PBXShellScriptBuildPhase;
			buildActionMask = 2147483647;
			files = (
			);
			inputPaths = (
			);
			name = "[CP] Check Pods Manifest.lock";
			outputPaths = (
			);
			runOnlyForDeploymentPostprocessing = 0;
			shellPath = /bin/sh;
			shellScript = "diff \"${PODS_ROOT}/../Podfile.lock\" \"${PODS_ROOT}/Manifest.lock\" > /dev/null\nif [ $? != 0 ] ; then\n    # print error to STDERR\n    echo \"error: The sandbox is not in sync with the Podfile.lock. Run 'pod install' or update your CocoaPods installation.\" >&2\n    exit 1\nfi\n";
			showEnvVarsInLog = 0;
		};
		201BB63EDC80E7737BCCD6EC /* [CP] Copy Pods Resources */ = {
			isa = PBXShellScriptBuildPhase;
			buildActionMask = 2147483647;
			files = (
			);
			inputPaths = (
			);
			name = "[CP] Copy Pods Resources";
			outputPaths = (
			);
			runOnlyForDeploymentPostprocessing = 0;
			shellPath = /bin/sh;
			shellScript = "\"${SRCROOT}/Pods/Target Support Files/Pods-Carko-CarkoTests/Pods-Carko-CarkoTests-resources.sh\"\n";
			showEnvVarsInLog = 0;
		};
		2132B991BB94F905E78F100C /* [CP] Copy Pods Resources */ = {
			isa = PBXShellScriptBuildPhase;
			buildActionMask = 2147483647;
			files = (
			);
			inputPaths = (
			);
			name = "[CP] Copy Pods Resources";
			outputPaths = (
			);
			runOnlyForDeploymentPostprocessing = 0;
			shellPath = /bin/sh;
			shellScript = "\"${SRCROOT}/Pods/Target Support Files/Pods-CarkoUITests/Pods-CarkoUITests-resources.sh\"\n";
			showEnvVarsInLog = 0;
		};
		4E45B39BCC7AB35DEE5AE064 /* [CP] Check Pods Manifest.lock */ = {
			isa = PBXShellScriptBuildPhase;
			buildActionMask = 2147483647;
			files = (
			);
			inputPaths = (
			);
			name = "[CP] Check Pods Manifest.lock";
			outputPaths = (
			);
			runOnlyForDeploymentPostprocessing = 0;
			shellPath = /bin/sh;
			shellScript = "diff \"${PODS_ROOT}/../Podfile.lock\" \"${PODS_ROOT}/Manifest.lock\" > /dev/null\nif [ $? != 0 ] ; then\n    # print error to STDERR\n    echo \"error: The sandbox is not in sync with the Podfile.lock. Run 'pod install' or update your CocoaPods installation.\" >&2\n    exit 1\nfi\n";
			showEnvVarsInLog = 0;
		};
		76A5BEB778AC4750535E40EE /* [CP] Embed Pods Frameworks */ = {
			isa = PBXShellScriptBuildPhase;
			buildActionMask = 2147483647;
			files = (
			);
			inputPaths = (
			);
			name = "[CP] Embed Pods Frameworks";
			outputPaths = (
			);
			runOnlyForDeploymentPostprocessing = 0;
			shellPath = /bin/sh;
			shellScript = "\"${SRCROOT}/Pods/Target Support Files/Pods-CarkoUITests/Pods-CarkoUITests-frameworks.sh\"\n";
			showEnvVarsInLog = 0;
		};
		856AA78C78A9FD6741B8F243 /* [CP] Embed Pods Frameworks */ = {
			isa = PBXShellScriptBuildPhase;
			buildActionMask = 2147483647;
			files = (
			);
			inputPaths = (
			);
			name = "[CP] Embed Pods Frameworks";
			outputPaths = (
			);
			runOnlyForDeploymentPostprocessing = 0;
			shellPath = /bin/sh;
			shellScript = "\"${SRCROOT}/Pods/Target Support Files/Pods-Carko-CarkoTests/Pods-Carko-CarkoTests-frameworks.sh\"\n";
			showEnvVarsInLog = 0;
		};
		8F959FA90852367573015C53 /* [CP] Embed Pods Frameworks */ = {
			isa = PBXShellScriptBuildPhase;
			buildActionMask = 2147483647;
			files = (
			);
			inputPaths = (
			);
			name = "[CP] Embed Pods Frameworks";
			outputPaths = (
			);
			runOnlyForDeploymentPostprocessing = 0;
			shellPath = /bin/sh;
			shellScript = "\"${SRCROOT}/Pods/Target Support Files/Pods-Carko/Pods-Carko-frameworks.sh\"\n";
			showEnvVarsInLog = 0;
		};
		CC5D72EBC60F8ECE86FF64DC /* [CP] Check Pods Manifest.lock */ = {
			isa = PBXShellScriptBuildPhase;
			buildActionMask = 2147483647;
			files = (
			);
			inputPaths = (
			);
			name = "[CP] Check Pods Manifest.lock";
			outputPaths = (
			);
			runOnlyForDeploymentPostprocessing = 0;
			shellPath = /bin/sh;
			shellScript = "diff \"${PODS_ROOT}/../Podfile.lock\" \"${PODS_ROOT}/Manifest.lock\" > /dev/null\nif [ $? != 0 ] ; then\n    # print error to STDERR\n    echo \"error: The sandbox is not in sync with the Podfile.lock. Run 'pod install' or update your CocoaPods installation.\" >&2\n    exit 1\nfi\n";
			showEnvVarsInLog = 0;
		};
/* End PBXShellScriptBuildPhase section */

/* Begin PBXSourcesBuildPhase section */
		45BC293D1DA18249000C54BC /* Sources */ = {
			isa = PBXSourcesBuildPhase;
			buildActionMask = 2147483647;
			files = (
				4554EBCE1DB5A36F0066E452 /* CarkoAPIClient.swift in Sources */,
				C51150531DAF38D5004E2A7D /* ParkingDescriptionViewController.swift in Sources */,
				4564F6E11DB98509001B709C /* BookParkingViewController.swift in Sources */,
				45BB39651DBBF0010019C2A3 /* RoundedCornerButton.swift in Sources */,
				45E9B91E1DB82FDF00C9E9FA /* MarkerPopup.swift in Sources */,
				4554EBD01DB5AA520066E452 /* ProfileViewController.swift in Sources */,
				458A98301DBCFD44007F53EE /* UnderlineTextField.swift in Sources */,
				45BB39601DBBD5740019C2A3 /* NewParkingRatesViewController.swift in Sources */,
				45099A871DAF261200392FF1 /* LoginViewController.swift in Sources */,
				45BC29451DA18249000C54BC /* AppDelegate.swift in Sources */,
				4518537A1DA476F1005CC5E6 /* MyParkingsViewController.swift in Sources */,
				C5858E7E1DB188920066A9B3 /* StringExtension.swift in Sources */,
				451E424B1DB071EC00747370 /* User.swift in Sources */,
				450E12401DAF27330027EFBC /* RegisterViewController.swift in Sources */,
				451E424D1DB078E000747370 /* KeyboardDimissExtension.swift in Sources */,
				45BB39621DBBD59E0019C2A3 /* NewParkingScheduleViewController.swift in Sources */,
				4518537C1DA4787B005CC5E6 /* NewParkingViewController.swift in Sources */,
				450E124A1DAF2B000027EFBC /* EntryViewController.swift in Sources */,
				459AD2571DA49B6C0018B7B9 /* Parking.swift in Sources */,
				458963ED1DB6EF6100A44AC0 /* ParkingAvailabilityInfo.swift in Sources */,
				C5B310601DB023610051C90B /* FloatExtension.swift in Sources */,
				C51150571DAF393F004E2A7D /* ParkingAvailabilityViewController.swift in Sources */,
				450E124C1DAF2B3C0027EFBC /* PageContentViewController.swift in Sources */,
				C56ADABB1DAC00870033516C /* ParkingTableViewCell.swift in Sources */,
				454E1C3F1DA34DDE0038E714 /* MapViewController.swift in Sources */,
				C51150591DAF397E004E2A7D /* ParkingInfoViewController.swift in Sources */,
				4564F6E31DB986C5001B709C /* ConfirmParkingViewController.swift in Sources */,
				C51150551DAF38EC004E2A7D /* ParkingRatesViewController.swift in Sources */,
			);
			runOnlyForDeploymentPostprocessing = 0;
		};
		45BC29511DA18249000C54BC /* Sources */ = {
			isa = PBXSourcesBuildPhase;
			buildActionMask = 2147483647;
			files = (
				45C1DBED1DD7870A00B2C96F /* CarkoAPIClientTest.swift in Sources */,
				458F62831DA184BE00205FBB /* MapViewControllerTest.swift in Sources */,
			);
			runOnlyForDeploymentPostprocessing = 0;
		};
		45BC295C1DA18249000C54BC /* Sources */ = {
			isa = PBXSourcesBuildPhase;
			buildActionMask = 2147483647;
			files = (
				45BC29651DA18249000C54BC /* CarkoUITests.swift in Sources */,
			);
			runOnlyForDeploymentPostprocessing = 0;
		};
/* End PBXSourcesBuildPhase section */

/* Begin PBXTargetDependency section */
		45BC29571DA18249000C54BC /* PBXTargetDependency */ = {
			isa = PBXTargetDependency;
			target = 45BC29401DA18249000C54BC /* Carko */;
			targetProxy = 45BC29561DA18249000C54BC /* PBXContainerItemProxy */;
		};
		45BC29621DA18249000C54BC /* PBXTargetDependency */ = {
			isa = PBXTargetDependency;
			target = 45BC29401DA18249000C54BC /* Carko */;
			targetProxy = 45BC29611DA18249000C54BC /* PBXContainerItemProxy */;
		};
/* End PBXTargetDependency section */

/* Begin PBXVariantGroup section */
		45BC294D1DA18249000C54BC /* LaunchScreen.storyboard */ = {
			isa = PBXVariantGroup;
			children = (
				45BC294E1DA18249000C54BC /* Base */,
			);
			name = LaunchScreen.storyboard;
			sourceTree = "<group>";
		};
/* End PBXVariantGroup section */

/* Begin XCBuildConfiguration section */
		45BC29671DA18249000C54BC /* Debug */ = {
			isa = XCBuildConfiguration;
			buildSettings = {
				ALWAYS_EMBED_SWIFT_STANDARD_LIBRARIES = "$(inherited)";
				ALWAYS_SEARCH_USER_PATHS = NO;
				CLANG_ANALYZER_NONNULL = YES;
				CLANG_CXX_LANGUAGE_STANDARD = "gnu++0x";
				CLANG_CXX_LIBRARY = "libc++";
				CLANG_ENABLE_MODULES = YES;
				CLANG_ENABLE_OBJC_ARC = YES;
				CLANG_WARN_BOOL_CONVERSION = YES;
				CLANG_WARN_CONSTANT_CONVERSION = YES;
				CLANG_WARN_DIRECT_OBJC_ISA_USAGE = YES_ERROR;
				CLANG_WARN_DOCUMENTATION_COMMENTS = YES;
				CLANG_WARN_EMPTY_BODY = YES;
				CLANG_WARN_ENUM_CONVERSION = YES;
				CLANG_WARN_INFINITE_RECURSION = YES;
				CLANG_WARN_INT_CONVERSION = YES;
				CLANG_WARN_OBJC_ROOT_CLASS = YES_ERROR;
				CLANG_WARN_SUSPICIOUS_MOVE = YES;
				CLANG_WARN_SUSPICIOUS_MOVES = YES;
				CLANG_WARN_UNREACHABLE_CODE = YES;
				CLANG_WARN__DUPLICATE_METHOD_MATCH = YES;
				"CODE_SIGN_IDENTITY[sdk=iphoneos*]" = "iPhone Developer";
				COPY_PHASE_STRIP = NO;
				DEBUG_INFORMATION_FORMAT = dwarf;
				ENABLE_STRICT_OBJC_MSGSEND = YES;
				ENABLE_TESTABILITY = YES;
				GCC_C_LANGUAGE_STANDARD = gnu99;
				GCC_DYNAMIC_NO_PIC = NO;
				GCC_NO_COMMON_BLOCKS = YES;
				GCC_OPTIMIZATION_LEVEL = 0;
				GCC_PREPROCESSOR_DEFINITIONS = (
					"DEBUG=1",
					"$(inherited)",
				);
				GCC_WARN_64_TO_32_BIT_CONVERSION = YES;
				GCC_WARN_ABOUT_RETURN_TYPE = YES_ERROR;
				GCC_WARN_UNDECLARED_SELECTOR = YES;
				GCC_WARN_UNINITIALIZED_AUTOS = YES_AGGRESSIVE;
				GCC_WARN_UNUSED_FUNCTION = YES;
				GCC_WARN_UNUSED_VARIABLE = YES;
				IPHONEOS_DEPLOYMENT_TARGET = 10.0;
				MTL_ENABLE_DEBUG_INFO = YES;
				ONLY_ACTIVE_ARCH = YES;
				SDKROOT = iphoneos;
				SWIFT_ACTIVE_COMPILATION_CONDITIONS = DEBUG;
				SWIFT_OPTIMIZATION_LEVEL = "-Onone";
				TARGETED_DEVICE_FAMILY = "1,2";
			};
			name = Debug;
		};
		45BC29681DA18249000C54BC /* Release */ = {
			isa = XCBuildConfiguration;
			buildSettings = {
				ALWAYS_EMBED_SWIFT_STANDARD_LIBRARIES = "$(inherited)";
				ALWAYS_SEARCH_USER_PATHS = NO;
				CLANG_ANALYZER_NONNULL = YES;
				CLANG_CXX_LANGUAGE_STANDARD = "gnu++0x";
				CLANG_CXX_LIBRARY = "libc++";
				CLANG_ENABLE_MODULES = YES;
				CLANG_ENABLE_OBJC_ARC = YES;
				CLANG_WARN_BOOL_CONVERSION = YES;
				CLANG_WARN_CONSTANT_CONVERSION = YES;
				CLANG_WARN_DIRECT_OBJC_ISA_USAGE = YES_ERROR;
				CLANG_WARN_DOCUMENTATION_COMMENTS = YES;
				CLANG_WARN_EMPTY_BODY = YES;
				CLANG_WARN_ENUM_CONVERSION = YES;
				CLANG_WARN_INFINITE_RECURSION = YES;
				CLANG_WARN_INT_CONVERSION = YES;
				CLANG_WARN_OBJC_ROOT_CLASS = YES_ERROR;
				CLANG_WARN_SUSPICIOUS_MOVE = YES;
				CLANG_WARN_SUSPICIOUS_MOVES = YES;
				CLANG_WARN_UNREACHABLE_CODE = YES;
				CLANG_WARN__DUPLICATE_METHOD_MATCH = YES;
				"CODE_SIGN_IDENTITY[sdk=iphoneos*]" = "iPhone Developer";
				COPY_PHASE_STRIP = NO;
				DEBUG_INFORMATION_FORMAT = "dwarf-with-dsym";
				ENABLE_NS_ASSERTIONS = NO;
				ENABLE_STRICT_OBJC_MSGSEND = YES;
				GCC_C_LANGUAGE_STANDARD = gnu99;
				GCC_NO_COMMON_BLOCKS = YES;
				GCC_WARN_64_TO_32_BIT_CONVERSION = YES;
				GCC_WARN_ABOUT_RETURN_TYPE = YES_ERROR;
				GCC_WARN_UNDECLARED_SELECTOR = YES;
				GCC_WARN_UNINITIALIZED_AUTOS = YES_AGGRESSIVE;
				GCC_WARN_UNUSED_FUNCTION = YES;
				GCC_WARN_UNUSED_VARIABLE = YES;
				IPHONEOS_DEPLOYMENT_TARGET = 10.0;
				MTL_ENABLE_DEBUG_INFO = NO;
				SDKROOT = iphoneos;
				SWIFT_OPTIMIZATION_LEVEL = "-Owholemodule";
				TARGETED_DEVICE_FAMILY = "1,2";
				VALIDATE_PRODUCT = YES;
			};
			name = Release;
		};
		45BC296A1DA18249000C54BC /* Debug */ = {
			isa = XCBuildConfiguration;
			baseConfigurationReference = E698A5AD42366D0AB15C9348 /* Pods-Carko.debug.xcconfig */;
			buildSettings = {
				ALWAYS_EMBED_SWIFT_STANDARD_LIBRARIES = "$(inherited)";
				ASSETCATALOG_COMPILER_APPICON_NAME = AppIcon;
				DEVELOPMENT_TEAM = GYH3TK45ZC;
				INFOPLIST_FILE = Carko/Info.plist;
				LD_RUNPATH_SEARCH_PATHS = "$(inherited) @executable_path/Frameworks";
				PRODUCT_BUNDLE_IDENTIFIER = com.qh4l.Carko;
				PRODUCT_NAME = "$(TARGET_NAME)";
				SWIFT_VERSION = 3.0;
			};
			name = Debug;
		};
		45BC296B1DA18249000C54BC /* Release */ = {
			isa = XCBuildConfiguration;
			baseConfigurationReference = 182BF97C1B2157DE2E06FBDD /* Pods-Carko.release.xcconfig */;
			buildSettings = {
				ALWAYS_EMBED_SWIFT_STANDARD_LIBRARIES = "$(inherited)";
				ASSETCATALOG_COMPILER_APPICON_NAME = AppIcon;
				DEVELOPMENT_TEAM = GYH3TK45ZC;
				INFOPLIST_FILE = Carko/Info.plist;
				LD_RUNPATH_SEARCH_PATHS = "$(inherited) @executable_path/Frameworks";
				PRODUCT_BUNDLE_IDENTIFIER = com.qh4l.Carko;
				PRODUCT_NAME = "$(TARGET_NAME)";
				SWIFT_VERSION = 3.0;
			};
			name = Release;
		};
		45BC296D1DA18249000C54BC /* Debug */ = {
			isa = XCBuildConfiguration;
			baseConfigurationReference = DF3DC78B5F06CA9F23866878 /* Pods-Carko-CarkoTests.debug.xcconfig */;
			buildSettings = {
				ALWAYS_EMBED_SWIFT_STANDARD_LIBRARIES = "$(inherited)";
				BUNDLE_LOADER = "$(TEST_HOST)";
				DEVELOPMENT_TEAM = GYH3TK45ZC;
				INFOPLIST_FILE = CarkoTests/Info.plist;
				LD_RUNPATH_SEARCH_PATHS = "$(inherited) @executable_path/Frameworks @loader_path/Frameworks";
				PRODUCT_BUNDLE_IDENTIFIER = com.qh4l.CarkoTests;
				PRODUCT_NAME = "$(TARGET_NAME)";
				SWIFT_VERSION = 3.0;
				TEST_HOST = "$(BUILT_PRODUCTS_DIR)/Carko.app/Carko";
			};
			name = Debug;
		};
		45BC296E1DA18249000C54BC /* Release */ = {
			isa = XCBuildConfiguration;
			baseConfigurationReference = 8434CF39E1312BC65B8DF4B2 /* Pods-Carko-CarkoTests.release.xcconfig */;
			buildSettings = {
				ALWAYS_EMBED_SWIFT_STANDARD_LIBRARIES = "$(inherited)";
				BUNDLE_LOADER = "$(TEST_HOST)";
				DEVELOPMENT_TEAM = GYH3TK45ZC;
				INFOPLIST_FILE = CarkoTests/Info.plist;
				LD_RUNPATH_SEARCH_PATHS = "$(inherited) @executable_path/Frameworks @loader_path/Frameworks";
				PRODUCT_BUNDLE_IDENTIFIER = com.qh4l.CarkoTests;
				PRODUCT_NAME = "$(TARGET_NAME)";
				SWIFT_VERSION = 3.0;
				TEST_HOST = "$(BUILT_PRODUCTS_DIR)/Carko.app/Carko";
			};
			name = Release;
		};
		45BC29701DA18249000C54BC /* Debug */ = {
			isa = XCBuildConfiguration;
			baseConfigurationReference = 51BE0236C2E899D05DB12FEF /* Pods-CarkoUITests.debug.xcconfig */;
			buildSettings = {
				ALWAYS_EMBED_SWIFT_STANDARD_LIBRARIES = "$(inherited)";
				DEVELOPMENT_TEAM = GYH3TK45ZC;
				INFOPLIST_FILE = CarkoUITests/Info.plist;
				LD_RUNPATH_SEARCH_PATHS = "$(inherited) @executable_path/Frameworks @loader_path/Frameworks";
				PRODUCT_BUNDLE_IDENTIFIER = com.qh4l.CarkoUITests;
				PRODUCT_NAME = "$(TARGET_NAME)";
				SWIFT_VERSION = 3.0;
				TEST_TARGET_NAME = Carko;
			};
			name = Debug;
		};
		45BC29711DA18249000C54BC /* Release */ = {
			isa = XCBuildConfiguration;
			baseConfigurationReference = 5B75E7E9A81373F8C2777563 /* Pods-CarkoUITests.release.xcconfig */;
			buildSettings = {
				ALWAYS_EMBED_SWIFT_STANDARD_LIBRARIES = "$(inherited)";
				DEVELOPMENT_TEAM = GYH3TK45ZC;
				INFOPLIST_FILE = CarkoUITests/Info.plist;
				LD_RUNPATH_SEARCH_PATHS = "$(inherited) @executable_path/Frameworks @loader_path/Frameworks";
				PRODUCT_BUNDLE_IDENTIFIER = com.qh4l.CarkoUITests;
				PRODUCT_NAME = "$(TARGET_NAME)";
				SWIFT_VERSION = 3.0;
				TEST_TARGET_NAME = Carko;
			};
			name = Release;
		};
/* End XCBuildConfiguration section */

/* Begin XCConfigurationList section */
		45BC293C1DA18249000C54BC /* Build configuration list for PBXProject "Carko" */ = {
			isa = XCConfigurationList;
			buildConfigurations = (
				45BC29671DA18249000C54BC /* Debug */,
				45BC29681DA18249000C54BC /* Release */,
			);
			defaultConfigurationIsVisible = 0;
			defaultConfigurationName = Release;
		};
		45BC29691DA18249000C54BC /* Build configuration list for PBXNativeTarget "Carko" */ = {
			isa = XCConfigurationList;
			buildConfigurations = (
				45BC296A1DA18249000C54BC /* Debug */,
				45BC296B1DA18249000C54BC /* Release */,
			);
			defaultConfigurationIsVisible = 0;
			defaultConfigurationName = Release;
		};
		45BC296C1DA18249000C54BC /* Build configuration list for PBXNativeTarget "CarkoTests" */ = {
			isa = XCConfigurationList;
			buildConfigurations = (
				45BC296D1DA18249000C54BC /* Debug */,
				45BC296E1DA18249000C54BC /* Release */,
			);
			defaultConfigurationIsVisible = 0;
			defaultConfigurationName = Release;
		};
		45BC296F1DA18249000C54BC /* Build configuration list for PBXNativeTarget "CarkoUITests" */ = {
			isa = XCConfigurationList;
			buildConfigurations = (
				45BC29701DA18249000C54BC /* Debug */,
				45BC29711DA18249000C54BC /* Release */,
			);
			defaultConfigurationIsVisible = 0;
			defaultConfigurationName = Release;
		};
/* End XCConfigurationList section */
	};
	rootObject = 45BC29391DA18249000C54BC /* Project object */;
}
